
Microsoft Visual Studio Solution File, Format Version 12.00
# Visual Studio Version 17
VisualStudioVersion = 17.10.35122.118
MinimumVisualStudioVersion = 10.0.40219.1
Project("{FAE04EC0-301F-11D3-BF4B-00C04F79EFBC}") = "Calculadora Simples", "Calculadora Simples\Calculadora Simples.csproj", "{BE43B866-57E3-4EFC-BB8C-CD8CC00D80A0}"
EndProject
Global
	GlobalSection(SolutionConfigurationPlatforms) = preSolution
		Debug|Any CPU = Debug|Any CPU
		Release|Any CPU = Release|Any CPU
	EndGlobalSection
	GlobalSection(ProjectConfigurationPlatforms) = postSolution
		{BE43B866-57E3-4EFC-BB8C-CD8CC00D80A0}.Debug|Any CPU.ActiveCfg = Debug|Any CPU
		{BE43B866-57E3-4EFC-BB8C-CD8CC00D80A0}.Debug|Any CPU.Build.0 = Debug|Any CPU
		{BE43B866-57E3-4EFC-BB8C-CD8CC00D80A0}.Release|Any CPU.ActiveCfg = Release|Any CPU
		{BE43B866-57E3-4EFC-BB8C-CD8CC00D80A0}.Release|Any CPU.Build.0 = Release|Any CPU
	EndGlobalSection
	GlobalSection(SolutionProperties) = preSolution
		HideSolutionNode = FALSE
	EndGlobalSection
	GlobalSection(ExtensibilityGlobals) = postSolution
		SolutionGuid = {F4EE0C54-C611-476B-9059-C5C4280FB987}
	EndGlobalSection
EndGlobal
